
Microsoft Visual Studio Solution File, Format Version 11.00
# Visual Studio 2010
Project("{FAE04EC0-301F-11D3-BF4B-00C04F79EFBC}") = "Assembly-CSharp", "Assembly-CSharp.csproj", "{1A34F6EE-F4D8-F1D5-A00C-8409BF7AB18B}"
EndProject
Global
	GlobalSection(SolutionConfigurationPlatforms) = preSolution
		Debug|Any CPU = Debug|Any CPU
		Release|Any CPU = Release|Any CPU
	EndGlobalSection
	GlobalSection(ProjectConfigurationPlatforms) = postSolution
		{1A34F6EE-F4D8-F1D5-A00C-8409BF7AB18B}.Debug|Any CPU.ActiveCfg = Debug|Any CPU
		{1A34F6EE-F4D8-F1D5-A00C-8409BF7AB18B}.Debug|Any CPU.Build.0 = Debug|Any CPU
		{1A34F6EE-F4D8-F1D5-A00C-8409BF7AB18B}.Release|Any CPU.ActiveCfg = Release|Any CPU
		{1A34F6EE-F4D8-F1D5-A00C-8409BF7AB18B}.Release|Any CPU.Build.0 = Release|Any CPU
	EndGlobalSection
	GlobalSection(SolutionProperties) = preSolution
		HideSolutionNode = FALSE
	EndGlobalSection
EndGlobal
